
Microsoft Visual Studio Solution File, Format Version 12.00
# Visual Studio 2017
Project("{FAE04EC0-301F-11D3-BF4B-00C04F79EFBC}") = "RoboShooter", "RoboShooter.csproj", "{128402AB-46EB-A93D-85BA-3598AC339905}"
EndProject
Project("{FAE04EC0-301F-11D3-BF4B-00C04F79EFBC}") = "RoboShooter.Plugins", "RoboShooter.Plugins.csproj", "{2A136856-0213-C0CF-D66F-0D50F80CB9B0}"
EndProject
Project("{FAE04EC0-301F-11D3-BF4B-00C04F79EFBC}") = "RoboShooter.Editor", "RoboShooter.Editor.csproj", "{F4069B44-634B-822E-9DA4-EE6F79C9AD82}"
EndProject
Global
	GlobalSection(SolutionConfigurationPlatforms) = preSolution
		Debug|Any CPU = Debug|Any CPU
		Release|Any CPU = Release|Any CPU
	EndGlobalSection
	GlobalSection(ProjectConfigurationPlatforms) = postSolution
		{128402AB-46EB-A93D-85BA-3598AC339905}.Debug|Any CPU.ActiveCfg = Debug|Any CPU
		{128402AB-46EB-A93D-85BA-3598AC339905}.Debug|Any CPU.Build.0 = Debug|Any CPU
		{128402AB-46EB-A93D-85BA-3598AC339905}.Release|Any CPU.ActiveCfg = Release|Any CPU
		{128402AB-46EB-A93D-85BA-3598AC339905}.Release|Any CPU.Build.0 = Release|Any CPU
		{2A136856-0213-C0CF-D66F-0D50F80CB9B0}.Debug|Any CPU.ActiveCfg = Debug|Any CPU
		{2A136856-0213-C0CF-D66F-0D50F80CB9B0}.Debug|Any CPU.Build.0 = Debug|Any CPU
		{2A136856-0213-C0CF-D66F-0D50F80CB9B0}.Release|Any CPU.ActiveCfg = Release|Any CPU
		{2A136856-0213-C0CF-D66F-0D50F80CB9B0}.Release|Any CPU.Build.0 = Release|Any CPU
		{F4069B44-634B-822E-9DA4-EE6F79C9AD82}.Debug|Any CPU.ActiveCfg = Debug|Any CPU
		{F4069B44-634B-822E-9DA4-EE6F79C9AD82}.Debug|Any CPU.Build.0 = Debug|Any CPU
		{F4069B44-634B-822E-9DA4-EE6F79C9AD82}.Release|Any CPU.ActiveCfg = Release|Any CPU
		{F4069B44-634B-822E-9DA4-EE6F79C9AD82}.Release|Any CPU.Build.0 = Release|Any CPU
	EndGlobalSection
	GlobalSection(SolutionProperties) = preSolution
		HideSolutionNode = FALSE
	EndGlobalSection
EndGlobal
